
Microsoft Visual Studio Solution File, Format Version 12.00
# Visual Studio Version 17
VisualStudioVersion = 17.7.34031.279
MinimumVisualStudioVersion = 10.0.40219.1
Project("{FAE04EC0-301F-11D3-BF4B-00C04F79EFBC}") = "PokerPlanning", "PokerPlanning\PokerPlanning.csproj", "{DDE5BE91-6F39-4BCF-86E6-2BA05375B1CE}"
EndProject
Global
	GlobalSection(SolutionConfigurationPlatforms) = preSolution
		Debug|Any CPU = Debug|Any CPU
		Release|Any CPU = Release|Any CPU
	EndGlobalSection
	GlobalSection(ProjectConfigurationPlatforms) = postSolution
		{DDE5BE91-6F39-4BCF-86E6-2BA05375B1CE}.Debug|Any CPU.ActiveCfg = Debug|Any CPU
		{DDE5BE91-6F39-4BCF-86E6-2BA05375B1CE}.Debug|Any CPU.Build.0 = Debug|Any CPU
		{DDE5BE91-6F39-4BCF-86E6-2BA05375B1CE}.Release|Any CPU.ActiveCfg = Release|Any CPU
		{DDE5BE91-6F39-4BCF-86E6-2BA05375B1CE}.Release|Any CPU.Build.0 = Release|Any CPU
	EndGlobalSection
	GlobalSection(SolutionProperties) = preSolution
		HideSolutionNode = FALSE
	EndGlobalSection
	GlobalSection(ExtensibilityGlobals) = postSolution
		SolutionGuid = {94403AA3-E1B5-42A7-A1C4-C05391A31B4A}
	EndGlobalSection
EndGlobal
